// !$*UTF8*$!
{
	archiveVersion = 1;
	classes = {
	};
	objectVersion = 55;
	objects = {

/* Begin PBXBuildFile section */
		6A7CF3E327A7EB040090B748 /* MeditationApp.swift in Sources */ = {isa = PBXBuildFile; fileRef = 6A7CF3E227A7EB040090B748 /* MeditationApp.swift */; };
		6A7CF3E527A7EB040090B748 /* ContentView.swift in Sources */ = {isa = PBXBuildFile; fileRef = 6A7CF3E427A7EB040090B748 /* ContentView.swift */; };
		6A7CF3E727A7EB050090B748 /* Assets.xcassets in Resources */ = {isa = PBXBuildFile; fileRef = 6A7CF3E627A7EB050090B748 /* Assets.xcassets */; };
		6A7CF3EA27A7EB050090B748 /* Preview Assets.xcassets in Resources */ = {isa = PBXBuildFile; fileRef = 6A7CF3E927A7EB050090B748 /* Preview Assets.xcassets */; };
		6A7CF3F727A7F3DD0090B748 /* MeditationView.swift in Sources */ = {isa = PBXBuildFile; fileRef = 6A7CF3F627A7F3DD0090B748 /* MeditationView.swift */; };
		6A7CF3F927A80BDF0090B748 /* PlayerView.swift in Sources */ = {isa = PBXBuildFile; fileRef = 6A7CF3F827A80BDF0090B748 /* PlayerView.swift */; };
		6A7CF3FB27A818210090B748 /* PlaybackControlButton.swift in Sources */ = {isa = PBXBuildFile; fileRef = 6A7CF3FA27A818210090B748 /* PlaybackControlButton.swift */; };
		6A7CF3FD27A8281D0090B748 /* MeditationViewModel.swift in Sources */ = {isa = PBXBuildFile; fileRef = 6A7CF3FC27A8281D0090B748 /* MeditationViewModel.swift */; };
		6A7CF3FF27A82E560090B748 /* Extensions.swift in Sources */ = {isa = PBXBuildFile; fileRef = 6A7CF3FE27A82E560090B748 /* Extensions.swift */; };
/* End PBXBuildFile section */

/* Begin PBXFileReference section */
		6A7CF3DF27A7EB040090B748 /* Meditation.app */ = {isa = PBXFileReference; explicitFileType = wrapper.application; includeInIndex = 0; path = Meditation.app; sourceTree = BUILT_PRODUCTS_DIR; };
		6A7CF3E227A7EB040090B748 /* MeditationApp.swift */ = {isa = PBXFileReference; lastKnownFileType = sourcecode.swift; path = MeditationApp.swift; sourceTree = "<group>"; };
		6A7CF3E427A7EB040090B748 /* ContentView.swift */ = {isa = PBXFileReference; lastKnownFileType = sourcecode.swift; path = ContentView.swift; sourceTree = "<group>"; };
		6A7CF3E627A7EB050090B748 /* Assets.xcassets */ = {isa = PBXFileReference; lastKnownFileType = folder.assetcatalog; path = Assets.xcassets; sourceTree = "<group>"; };
		6A7CF3E927A7EB050090B748 /* Preview Assets.xcassets */ = {isa = PBXFileReference; lastKnownFileType = folder.assetcatalog; path = "Preview Assets.xcassets"; sourceTree = "<group>"; };
		6A7CF3F627A7F3DD0090B748 /* MeditationView.swift */ = {isa = PBXFileReference; lastKnownFileType = sourcecode.swift; path = MeditationView.swift; sourceTree = "<group>"; };
		6A7CF3F827A80BDF0090B748 /* PlayerView.swift */ = {isa = PBXFileReference; lastKnownFileType = sourcecode.swift; path = PlayerView.swift; sourceTree = "<group>"; };
		6A7CF3FA27A818210090B748 /* PlaybackControlButton.swift */ = {isa = PBXFileReference; lastKnownFileType = sourcecode.swift; path = PlaybackControlButton.swift; sourceTree = "<group>"; };
		6A7CF3FC27A8281D0090B748 /* MeditationViewModel.swift */ = {isa = PBXFileReference; lastKnownFileType = sourcecode.swift; path = MeditationViewModel.swift; sourceTree = "<group>"; };
		6A7CF3FE27A82E560090B748 /* Extensions.swift */ = {isa = PBXFileReference; lastKnownFileType = sourcecode.swift; path = Extensions.swift; sourceTree = "<group>"; };
/* End PBXFileReference section */

/* Begin PBXFrameworksBuildPhase section */
		6A7CF3DC27A7EB040090B748 /* Frameworks */ = {
			isa = PBXFrameworksBuildPhase;
			buildActionMask = 2147483647;
			files = (
			);
			runOnlyForDeploymentPostprocessing = 0;
		};
/* End PBXFrameworksBuildPhase section */

/* Begin PBXGroup section */
		6A7CF3D627A7EB040090B748 = {
			isa = PBXGroup;
			children = (
				6A7CF3E127A7EB040090B748 /* Meditation */,
				6A7CF3E027A7EB040090B748 /* Products */,
			);
			sourceTree = "<group>";
		};
		6A7CF3E027A7EB040090B748 /* Products */ = {
			isa = PBXGroup;
			children = (
				6A7CF3DF27A7EB040090B748 /* Meditation.app */,
			);
			name = Products;
			sourceTree = "<group>";
		};
		6A7CF3E127A7EB040090B748 /* Meditation */ = {
			isa = PBXGroup;
			children = (
				6A7CF3E227A7EB040090B748 /* MeditationApp.swift */,
				6A7CF3E427A7EB040090B748 /* ContentView.swift */,
				6A7CF3F627A7F3DD0090B748 /* MeditationView.swift */,
				6A7CF3F827A80BDF0090B748 /* PlayerView.swift */,
				6A7CF3FA27A818210090B748 /* PlaybackControlButton.swift */,
				6A7CF3FC27A8281D0090B748 /* MeditationViewModel.swift */,
				6A7CF3FE27A82E560090B748 /* Extensions.swift */,
				6A7CF3E627A7EB050090B748 /* Assets.xcassets */,
				6A7CF3E827A7EB050090B748 /* Preview Content */,
			);
			path = Meditation;
			sourceTree = "<group>";
		};
		6A7CF3E827A7EB050090B748 /* Preview Content */ = {
			isa = PBXGroup;
			children = (
				6A7CF3E927A7EB050090B748 /* Preview Assets.xcassets */,
			);
			path = "Preview Content";
			sourceTree = "<group>";
		};
/* End PBXGroup section */

/* Begin PBXNativeTarget section */
		6A7CF3DE27A7EB040090B748 /* Meditation */ = {
			isa = PBXNativeTarget;
			buildConfigurationList = 6A7CF3ED27A7EB050090B748 /* Build configuration list for PBXNativeTarget "Meditation" */;
			buildPhases = (
				6A7CF3DB27A7EB040090B748 /* Sources */,
				6A7CF3DC27A7EB040090B748 /* Frameworks */,
				6A7CF3DD27A7EB040090B748 /* Resources */,
			);
			buildRules = (
			);
			dependencies = (
			);
			name = Meditation;
			productName = Meditation;
			productReference = 6A7CF3DF27A7EB040090B748 /* Meditation.app */;
			productType = "com.apple.product-type.application";
		};
/* End PBXNativeTarget section */

/* Begin PBXProject section */
		6A7CF3D727A7EB040090B748 /* Project object */ = {
			isa = PBXProject;
			attributes = {
				BuildIndependentTargetsInParallel = 1;
				LastSwiftUpdateCheck = 1320;
				LastUpgradeCheck = 1320;
				TargetAttributes = {
					6A7CF3DE27A7EB040090B748 = {
						CreatedOnToolsVersion = 13.2;
					};
				};
			};
			buildConfigurationList = 6A7CF3DA27A7EB040090B748 /* Build configuration list for PBXProject "Meditation" */;
			compatibilityVersion = "Xcode 13.0";
			developmentRegion = en;
			hasScannedForEncodings = 0;
			knownRegions = (
				en,
				Base,
			);
			mainGroup = 6A7CF3D627A7EB040090B748;
			productRefGroup = 6A7CF3E027A7EB040090B748 /* Products */;
			projectDirPath = "";
			projectRoot = "";
			targets = (
				6A7CF3DE27A7EB040090B748 /* Meditation */,
			);
		};
/* End PBXProject section */

/* Begin PBXResourcesBuildPhase section */
		6A7CF3DD27A7EB040090B748 /* Resources */ = {
			isa = PBXResourcesBuildPhase;
			buildActionMask = 2147483647;
			files = (
				6A7CF3EA27A7EB050090B748 /* Preview Assets.xcassets in Resources */,
				6A7CF3E727A7EB050090B748 /* Assets.xcassets in Resources */,
			);
			runOnlyForDeploymentPostprocessing = 0;
		};
/* End PBXResourcesBuildPhase section */

/* Begin PBXSourcesBuildPhase section */
		6A7CF3DB27A7EB040090B748 /* Sources */ = {
			isa = PBXSourcesBuildPhase;
			buildActionMask = 2147483647;
			files = (
				6A7CF3E527A7EB040090B748 /* ContentView.swift in Sources */,
				6A7CF3F727A7F3DD0090B748 /* MeditationView.swift in Sources */,
				6A7CF3FB27A818210090B748 /* PlaybackControlButton.swift in Sources */,
				6A7CF3E327A7EB040090B748 /* MeditationApp.swift in Sources */,
				6A7CF3FD27A8281D0090B748 /* MeditationViewModel.swift in Sources */,
				6A7CF3F927A80BDF0090B748 /* PlayerView.swift in Sources */,
				6A7CF3FF27A82E560090B748 /* Extensions.swift in Sources */,
			);
			runOnlyForDeploymentPostprocessing = 0;
		};
/* End PBXSourcesBuildPhase section */

/* Begin XCBuildConfiguration section */
		6A7CF3EB27A7EB050090B748 /* Debug */ = {
			isa = XCBuildConfiguration;
			buildSettings = {
				ALWAYS_SEARCH_USER_PATHS = NO;
				CLANG_ANALYZER_NONNULL = YES;
				CLANG_ANALYZER_NUMBER_OBJECT_CONVERSION = YES_AGGRESSIVE;
				CLANG_CXX_LANGUAGE_STANDARD = "gnu++17";
				CLANG_CXX_LIBRARY = "libc++";
				CLANG_ENABLE_MODULES = YES;
				CLANG_ENABLE_OBJC_ARC = YES;
				CLANG_ENABLE_OBJC_WEAK = YES;
				CLANG_WARN_BLOCK_CAPTURE_AUTORELEASING = YES;
				CLANG_WARN_BOOL_CONVERSION = YES;
				CLANG_WARN_COMMA = YES;
				CLANG_WARN_CONSTANT_CONVERSION = YES;
				CLANG_WARN_DEPRECATED_OBJC_IMPLEMENTATIONS = YES;
				CLANG_WARN_DIRECT_OBJC_ISA_USAGE = YES_ERROR;
				CLANG_WARN_DOCUMENTATION_COMMENTS = YES;
				CLANG_WARN_EMPTY_BODY = YES;
				CLANG_WARN_ENUM_CONVERSION = YES;
				CLANG_WARN_INFINITE_RECURSION = YES;
				CLANG_WARN_INT_CONVERSION = YES;
				CLANG_WARN_NON_LITERAL_NULL_CONVERSION = YES;
				CLANG_WARN_OBJC_IMPLICIT_RETAIN_SELF = YES;
				CLANG_WARN_OBJC_LITERAL_CONVERSION = YES;
				CLANG_WARN_OBJC_ROOT_CLASS = YES_ERROR;
				CLANG_WARN_QUOTED_INCLUDE_IN_FRAMEWORK_HEADER = YES;
				CLANG_WARN_RANGE_LOOP_ANALYSIS = YES;
				CLANG_WARN_STRICT_PROTOTYPES = YES;
				CLANG_WARN_SUSPICIOUS_MOVE = YES;
				CLANG_WARN_UNGUARDED_AVAILABILITY = YES_AGGRESSIVE;
				CLANG_WARN_UNREACHABLE_CODE = YES;
				CLANG_WARN__DUPLICATE_METHOD_MATCH = YES;
				COPY_PHASE_STRIP = NO;
				DEBUG_INFORMATION_FORMAT = dwarf;
				ENABLE_STRICT_OBJC_MSGSEND = YES;
				ENABLE_TESTABILITY = YES;
				GCC_C_LANGUAGE_STANDARD = gnu11;
				GCC_DYNAMIC_NO_PIC = NO;
				GCC_NO_COMMON_BLOCKS = YES;
				GCC_OPTIMIZATION_LEVEL = 0;
				GCC_PREPROCESSOR_DEFINITIONS = (
					"DEBUG=1",
					"$(inherited)",
				);
				GCC_WARN_64_TO_32_BIT_CONVERSION = YES;
				GCC_WARN_ABOUT_RETURN_TYPE = YES_ERROR;
				GCC_WARN_UNDECLARED_SELECTOR = YES;
				GCC_WARN_UNINITIALIZED_AUTOS = YES_AGGRESSIVE;
				GCC_WARN_UNUSED_FUNCTION = YES;
				GCC_WARN_UNUSED_VARIABLE = YES;
				IPHONEOS_DEPLOYMENT_TARGET = 15.2;
				MTL_ENABLE_DEBUG_INFO = INCLUDE_SOURCE;
				MTL_FAST_MATH = YES;
				ONLY_ACTIVE_ARCH = YES;
				SDKROOT = iphoneos;
				SWIFT_ACTIVE_COMPILATION_CONDITIONS = DEBUG;
				SWIFT_OPTIMIZATION_LEVEL = "-Onone";
			};
			name = Debug;
		};
		6A7CF3EC27A7EB050090B748 /* Release */ = {
			isa = XCBuildConfiguration;
			buildSettings = {
				ALWAYS_SEARCH_USER_PATHS = NO;
				CLANG_ANALYZER_NONNULL = YES;
				CLANG_ANALYZER_NUMBER_OBJECT_CONVERSION = YES_AGGRESSIVE;
				CLANG_CXX_LANGUAGE_STANDARD = "gnu++17";
				CLANG_CXX_LIBRARY = "libc++";
				CLANG_ENABLE_MODULES = YES;
				CLANG_ENABLE_OBJC_ARC = YES;
				CLANG_ENABLE_OBJC_WEAK = YES;
				CLANG_WARN_BLOCK_CAPTURE_AUTORELEASING = YES;
				CLANG_WARN_BOOL_CONVERSION = YES;
				CLANG_WARN_COMMA = YES;
				CLANG_WARN_CONSTANT_CONVERSION = YES;
				CLANG_WARN_DEPRECATED_OBJC_IMPLEMENTATIONS = YES;
				CLANG_WARN_DIRECT_OBJC_ISA_USAGE = YES_ERROR;
				CLANG_WARN_DOCUMENTATION_COMMENTS = YES;
				CLANG_WARN_EMPTY_BODY = YES;
				CLANG_WARN_ENUM_CONVERSION = YES;
				CLANG_WARN_INFINITE_RECURSION = YES;
				CLANG_WARN_INT_CONVERSION = YES;
				CLANG_WARN_NON_LITERAL_NULL_CONVERSION = YES;
				CLANG_WARN_OBJC_IMPLICIT_RETAIN_SELF = YES;
				CLANG_WARN_OBJC_LITERAL_CONVERSION = YES;
				CLANG_WARN_OBJC_ROOT_CLASS = YES_ERROR;
				CLANG_WARN_QUOTED_INCLUDE_IN_FRAMEWORK_HEADER = YES;
				CLANG_WARN_RANGE_LOOP_ANALYSIS = YES;
				CLANG_WARN_STRICT_PROTOTYPES = YES;
				CLANG_WARN_SUSPICIOUS_MOVE = YES;
				CLANG_WARN_UNGUARDED_AVAILABILITY = YES_AGGRESSIVE;
				CLANG_WARN_UNREACHABLE_CODE = YES;
				CLANG_WARN__DUPLICATE_METHOD_MATCH = YES;
				COPY_PHASE_STRIP = NO;
				DEBUG_INFORMATION_FORMAT = "dwarf-with-dsym";
				ENABLE_NS_ASSERTIONS = NO;
				ENABLE_STRICT_OBJC_MSGSEND = YES;
				GCC_C_LANGUAGE_STANDARD = gnu11;
				GCC_NO_COMMON_BLOCKS = YES;
				GCC_WARN_64_TO_32_BIT_CONVERSION = YES;
				GCC_WARN_ABOUT_RETURN_TYPE = YES_ERROR;
				GCC_WARN_UNDECLARED_SELECTOR = YES;
				GCC_WARN_UNINITIALIZED_AUTOS = YES_AGGRESSIVE;
				GCC_WARN_UNUSED_FUNCTION = YES;
				GCC_WARN_UNUSED_VARIABLE = YES;
				IPHONEOS_DEPLOYMENT_TARGET = 15.2;
				MTL_ENABLE_DEBUG_INFO = NO;
				MTL_FAST_MATH = YES;
				SDKROOT = iphoneos;
				SWIFT_COMPILATION_MODE = wholemodule;
				SWIFT_OPTIMIZATION_LEVEL = "-O";
				VALIDATE_PRODUCT = YES;
			};
			name = Release;
		};
		6A7CF3EE27A7EB050090B748 /* Debug */ = {
			isa = XCBuildConfiguration;
			buildSettings = {
				ASSETCATALOG_COMPILER_APPICON_NAME = AppIcon;
				ASSETCATALOG_COMPILER_GLOBAL_ACCENT_COLOR_NAME = AccentColor;
				CODE_SIGN_STYLE = Automatic;
				CURRENT_PROJECT_VERSION = 1;
				DEVELOPMENT_ASSET_PATHS = "\"Meditation/Preview Content\"";
				DEVELOPMENT_TEAM = 33FXB2A6UY;
				ENABLE_PREVIEWS = YES;
				GENERATE_INFOPLIST_FILE = YES;
				INFOPLIST_KEY_UIApplicationSceneManifest_Generation = YES;
				INFOPLIST_KEY_UIApplicationSupportsIndirectInputEvents = YES;
				INFOPLIST_KEY_UILaunchScreen_Generation = YES;
				INFOPLIST_KEY_UISupportedInterfaceOrientations_iPad = "UIInterfaceOrientationPortrait UIInterfaceOrientationPortraitUpsideDown UIInterfaceOrientationLandscapeLeft UIInterfaceOrientationLandscapeRight";
				INFOPLIST_KEY_UISupportedInterfaceOrientations_iPhone = "UIInterfaceOrientationPortrait UIInterfaceOrientationLandscapeLeft UIInterfaceOrientationLandscapeRight";
				LD_RUNPATH_SEARCH_PATHS = (
					"$(inherited)",
					"@executable_path/Frameworks",
				);
				MARKETING_VERSION = 1.0;
				PRODUCT_BUNDLE_IDENTIFIER = io.designcode.Meditation;
				PRODUCT_NAME = "$(TARGET_NAME)";
				SWIFT_EMIT_LOC_STRINGS = YES;
				SWIFT_VERSION = 5.0;
				TARGETED_DEVICE_FAMILY = "1,2";
			};
			name = Debug;
		};
		6A7CF3EF27A7EB050090B748 /* Release */ = {
			isa = XCBuildConfiguration;
			buildSettings = {
				ASSETCATALOG_COMPILER_APPICON_NAME = AppIcon;
				ASSETCATALOG_COMPILER_GLOBAL_ACCENT_COLOR_NAME = AccentColor;
				CODE_SIGN_STYLE = Automatic;
				CURRENT_PROJECT_VERSION = 1;
				DEVELOPMENT_ASSET_PATHS = "\"Meditation/Preview Content\"";
				DEVELOPMENT_TEAM = 33FXB2A6UY;
				ENABLE_PREVIEWS = YES;
				GENERATE_INFOPLIST_FILE = YES;
				INFOPLIST_KEY_UIApplicationSceneManifest_Generation = YES;
				INFOPLIST_KEY_UIApplicationSupportsIndirectInputEvents = YES;
				INFOPLIST_KEY_UILaunchScreen_Generation = YES;
				INFOPLIST_KEY_UISupportedInterfaceOrientations_iPad = "UIInterfaceOrientationPortrait UIInterfaceOrientationPortraitUpsideDown UIInterfaceOrientationLandscapeLeft UIInterfaceOrientationLandscapeRight";
				INFOPLIST_KEY_UISupportedInterfaceOrientations_iPhone = "UIInterfaceOrientationPortrait UIInterfaceOrientationLandscapeLeft UIInterfaceOrientationLandscapeRight";
				LD_RUNPATH_SEARCH_PATHS = (
					"$(inherited)",
					"@executable_path/Frameworks",
				);
				MARKETING_VERSION = 1.0;
				PRODUCT_BUNDLE_IDENTIFIER = io.designcode.Meditation;
				PRODUCT_NAME = "$(TARGET_NAME)";
				SWIFT_EMIT_LOC_STRINGS = YES;
				SWIFT_VERSION = 5.0;
				TARGETED_DEVICE_FAMILY = "1,2";
			};
			name = Release;
		};
/* End XCBuildConfiguration section */

/* Begin XCConfigurationList section */
		6A7CF3DA27A7EB040090B748 /* Build configuration list for PBXProject "Meditation" */ = {
			isa = XCConfigurationList;
			buildConfigurations = (
				6A7CF3EB27A7EB050090B748 /* Debug */,
				6A7CF3EC27A7EB050090B748 /* Release */,
			);
			defaultConfigurationIsVisible = 0;
			defaultConfigurationName = Release;
		};
		6A7CF3ED27A7EB050090B748 /* Build configuration list for PBXNativeTarget "Meditation" */ = {
			isa = XCConfigurationList;
			buildConfigurations = (
				6A7CF3EE27A7EB050090B748 /* Debug */,
				6A7CF3EF27A7EB050090B748 /* Release */,
			);
			defaultConfigurationIsVisible = 0;
			defaultConfigurationName = Release;
		};
/* End XCConfigurationList section */
	};
	rootObject = 6A7CF3D727A7EB040090B748 /* Project object */;
}
